
Microsoft Visual Studio Solution File, Format Version 12.00
# Visual Studio Version 16
VisualStudioVersion = 16.0.29911.84
MinimumVisualStudioVersion = 10.0.40219.1
Project("{FAE04EC0-301F-11D3-BF4B-00C04F79EFBC}") = "FrontEnd", "FrontEnd\FrontEnd.csproj", "{F7926430-23FA-40E9-9B49-2FD438CE9CD5}"
	ProjectSection(ProjectDependencies) = postProject
		{770076CB-BF87-46D7-9400-03D61C25ADBA} = {770076CB-BF87-46D7-9400-03D61C25ADBA}
	EndProjectSection
EndProject
Project("{FAE04EC0-301F-11D3-BF4B-00C04F79EFBC}") = "Business", "Business\Business.csproj", "{3C333C5B-9D4D-42A1-AE6B-9CDC66F53D98}"
EndProject
Project("{FAE04EC0-301F-11D3-BF4B-00C04F79EFBC}") = "DataAccess", "DataAccess\DataAccess.csproj", "{770076CB-BF87-46D7-9400-03D61C25ADBA}"
EndProject
Global
	GlobalSection(SolutionConfigurationPlatforms) = preSolution
		Debug|Any CPU = Debug|Any CPU
		Release|Any CPU = Release|Any CPU
	EndGlobalSection
	GlobalSection(ProjectConfigurationPlatforms) = postSolution
		{F7926430-23FA-40E9-9B49-2FD438CE9CD5}.Debug|Any CPU.ActiveCfg = Debug|Any CPU
		{F7926430-23FA-40E9-9B49-2FD438CE9CD5}.Debug|Any CPU.Build.0 = Debug|Any CPU
		{F7926430-23FA-40E9-9B49-2FD438CE9CD5}.Release|Any CPU.ActiveCfg = Release|Any CPU
		{F7926430-23FA-40E9-9B49-2FD438CE9CD5}.Release|Any CPU.Build.0 = Release|Any CPU
		{3C333C5B-9D4D-42A1-AE6B-9CDC66F53D98}.Debug|Any CPU.ActiveCfg = Debug|Any CPU
		{3C333C5B-9D4D-42A1-AE6B-9CDC66F53D98}.Debug|Any CPU.Build.0 = Debug|Any CPU
		{3C333C5B-9D4D-42A1-AE6B-9CDC66F53D98}.Release|Any CPU.ActiveCfg = Release|Any CPU
		{3C333C5B-9D4D-42A1-AE6B-9CDC66F53D98}.Release|Any CPU.Build.0 = Release|Any CPU
		{770076CB-BF87-46D7-9400-03D61C25ADBA}.Debug|Any CPU.ActiveCfg = Debug|Any CPU
		{770076CB-BF87-46D7-9400-03D61C25ADBA}.Debug|Any CPU.Build.0 = Debug|Any CPU
		{770076CB-BF87-46D7-9400-03D61C25ADBA}.Release|Any CPU.ActiveCfg = Release|Any CPU
		{770076CB-BF87-46D7-9400-03D61C25ADBA}.Release|Any CPU.Build.0 = Release|Any CPU
	EndGlobalSection
	GlobalSection(SolutionProperties) = preSolution
		HideSolutionNode = FALSE
	EndGlobalSection
	GlobalSection(ExtensibilityGlobals) = postSolution
		SolutionGuid = {89BE01C7-9A5A-4F56-9AF1-FA1080AC2C85}
	EndGlobalSection
EndGlobal
